
Microsoft Visual Studio Solution File, Format Version 12.00
# Visual Studio Version 17
VisualStudioVersion = 17.3.32825.248
MinimumVisualStudioVersion = 10.0.40219.1
Project("{9A19103F-16F7-4668-BE54-9A1E7A4F7556}") = "TaxSolution.Bad_TaxCalculator", "TaxSolution.Bad_TaxCalculator\TaxSolution.Bad_TaxCalculator.csproj", "{5642915E-5C85-4AAD-908E-3697CE192397}"
EndProject
Project("{9A19103F-16F7-4668-BE54-9A1E7A4F7556}") = "TaxSolution.Bad_TaxCalculator.Test", "TaxSolution.TaxSolution.Bad_TaxCalculator.Test\TaxSolution.Bad_TaxCalculator.Test.csproj", "{AB04D066-609F-4870-A61D-525498A9F053}"
EndProject
Project("{2150E333-8FDC-42A3-9474-1A3956D46DE8}") = "Sources", "Sources", "{718185C4-F0AA-4863-8ACF-ACD348A988A9}"
EndProject
Project("{2150E333-8FDC-42A3-9474-1A3956D46DE8}") = "Tests", "Tests", "{16511439-F18E-474F-A284-D61BB0C6AF17}"
EndProject
Project("{FAE04EC0-301F-11D3-BF4B-00C04F79EFBC}") = "TaxSolution.TaxCalculator", "Sources\TaxSolution.TaxCalculator\TaxSolution.TaxCalculator.csproj", "{6A60BF52-798E-40F9-8A98-324072E94438}"
EndProject
Project("{FAE04EC0-301F-11D3-BF4B-00C04F79EFBC}") = "TaxSolution.TaxCalculator.Tests", "Tests\TaxSolution.TaxCalculator.Tests\TaxSolution.TaxCalculator.Tests.csproj", "{75DD2B4B-2527-4167-87C1-69EAE7C548DE}"
EndProject
Global
	GlobalSection(SolutionConfigurationPlatforms) = preSolution
		Debug|Any CPU = Debug|Any CPU
		Release|Any CPU = Release|Any CPU
	EndGlobalSection
	GlobalSection(ProjectConfigurationPlatforms) = postSolution
		{5642915E-5C85-4AAD-908E-3697CE192397}.Debug|Any CPU.ActiveCfg = Debug|Any CPU
		{5642915E-5C85-4AAD-908E-3697CE192397}.Debug|Any CPU.Build.0 = Debug|Any CPU
		{5642915E-5C85-4AAD-908E-3697CE192397}.Release|Any CPU.ActiveCfg = Release|Any CPU
		{5642915E-5C85-4AAD-908E-3697CE192397}.Release|Any CPU.Build.0 = Release|Any CPU
		{AB04D066-609F-4870-A61D-525498A9F053}.Debug|Any CPU.ActiveCfg = Debug|Any CPU
		{AB04D066-609F-4870-A61D-525498A9F053}.Debug|Any CPU.Build.0 = Debug|Any CPU
		{AB04D066-609F-4870-A61D-525498A9F053}.Release|Any CPU.ActiveCfg = Release|Any CPU
		{AB04D066-609F-4870-A61D-525498A9F053}.Release|Any CPU.Build.0 = Release|Any CPU
		{6A60BF52-798E-40F9-8A98-324072E94438}.Debug|Any CPU.ActiveCfg = Debug|Any CPU
		{6A60BF52-798E-40F9-8A98-324072E94438}.Debug|Any CPU.Build.0 = Debug|Any CPU
		{6A60BF52-798E-40F9-8A98-324072E94438}.Release|Any CPU.ActiveCfg = Release|Any CPU
		{6A60BF52-798E-40F9-8A98-324072E94438}.Release|Any CPU.Build.0 = Release|Any CPU
		{75DD2B4B-2527-4167-87C1-69EAE7C548DE}.Debug|Any CPU.ActiveCfg = Debug|Any CPU
		{75DD2B4B-2527-4167-87C1-69EAE7C548DE}.Debug|Any CPU.Build.0 = Debug|Any CPU
		{75DD2B4B-2527-4167-87C1-69EAE7C548DE}.Release|Any CPU.ActiveCfg = Release|Any CPU
		{75DD2B4B-2527-4167-87C1-69EAE7C548DE}.Release|Any CPU.Build.0 = Release|Any CPU
	EndGlobalSection
	GlobalSection(SolutionProperties) = preSolution
		HideSolutionNode = FALSE
	EndGlobalSection
	GlobalSection(NestedProjects) = preSolution
		{6A60BF52-798E-40F9-8A98-324072E94438} = {718185C4-F0AA-4863-8ACF-ACD348A988A9}
		{75DD2B4B-2527-4167-87C1-69EAE7C548DE} = {16511439-F18E-474F-A284-D61BB0C6AF17}
	EndGlobalSection
	GlobalSection(ExtensibilityGlobals) = postSolution
		SolutionGuid = {6E1E9B69-24BB-41E5-A4E9-CC5D7E671566}
	EndGlobalSection
EndGlobal
